
Microsoft Visual Studio Solution File, Format Version 12.00
# Visual Studio 15
VisualStudioVersion = 15.0.26730.3
MinimumVisualStudioVersion = 10.0.40219.1
Project("{9A19103F-16F7-4668-BE54-9A1E7A4F7556}") = "QingMuPlatform.Backend", "QingMuPlatform.Backend\QingMuPlatform.Backend.csproj", "{EDC50020-647A-4121-9F36-B9BBF545A09A}"
EndProject
Project("{FAE04EC0-301F-11D3-BF4B-00C04F79EFBC}") = "QingMuPlatform.DLL", "QingMuPlatform.DLL\QingMuPlatform.DLL.csproj", "{B4775808-C994-4A7A-B48B-362103C385BA}"
EndProject
Project("{FAE04EC0-301F-11D3-BF4B-00C04F79EFBC}") = "QingMuPlatform.BLL", "QingMuPlatform.BLL\QingMuPlatform.BLL.csproj", "{121E79FA-B5D3-4B8B-9FC7-E3266ECF6A5B}"
EndProject
Global
	GlobalSection(SolutionConfigurationPlatforms) = preSolution
		Debug|Any CPU = Debug|Any CPU
		Release|Any CPU = Release|Any CPU
	EndGlobalSection
	GlobalSection(ProjectConfigurationPlatforms) = postSolution
		{EDC50020-647A-4121-9F36-B9BBF545A09A}.Debug|Any CPU.ActiveCfg = Debug|Any CPU
		{EDC50020-647A-4121-9F36-B9BBF545A09A}.Debug|Any CPU.Build.0 = Debug|Any CPU
		{EDC50020-647A-4121-9F36-B9BBF545A09A}.Release|Any CPU.ActiveCfg = Release|Any CPU
		{EDC50020-647A-4121-9F36-B9BBF545A09A}.Release|Any CPU.Build.0 = Release|Any CPU
		{B4775808-C994-4A7A-B48B-362103C385BA}.Debug|Any CPU.ActiveCfg = Debug|Any CPU
		{B4775808-C994-4A7A-B48B-362103C385BA}.Debug|Any CPU.Build.0 = Debug|Any CPU
		{B4775808-C994-4A7A-B48B-362103C385BA}.Release|Any CPU.ActiveCfg = Release|Any CPU
		{B4775808-C994-4A7A-B48B-362103C385BA}.Release|Any CPU.Build.0 = Release|Any CPU
		{121E79FA-B5D3-4B8B-9FC7-E3266ECF6A5B}.Debug|Any CPU.ActiveCfg = Debug|Any CPU
		{121E79FA-B5D3-4B8B-9FC7-E3266ECF6A5B}.Debug|Any CPU.Build.0 = Debug|Any CPU
		{121E79FA-B5D3-4B8B-9FC7-E3266ECF6A5B}.Release|Any CPU.ActiveCfg = Release|Any CPU
		{121E79FA-B5D3-4B8B-9FC7-E3266ECF6A5B}.Release|Any CPU.Build.0 = Release|Any CPU
	EndGlobalSection
	GlobalSection(SolutionProperties) = preSolution
		HideSolutionNode = FALSE
	EndGlobalSection
	GlobalSection(ExtensibilityGlobals) = postSolution
		SolutionGuid = {7C9358D0-44EF-431A-987C-D9AD4C045DEB}
	EndGlobalSection
EndGlobal
